
Microsoft Visual Studio Solution File, Format Version 12.00
# Visual Studio Version 17
VisualStudioVersion = 17.8.34330.188
MinimumVisualStudioVersion = 10.0.40219.1
Project("{FAE04EC0-301F-11D3-BF4B-00C04F79EFBC}") = "Classes", "Classes\Classes.csproj", "{8E2B7857-A021-40CC-970F-D3947ED04ED5}"
EndProject
Global
	GlobalSection(SolutionConfigurationPlatforms) = preSolution
		Debug|Any CPU = Debug|Any CPU
		Release|Any CPU = Release|Any CPU
	EndGlobalSection
	GlobalSection(ProjectConfigurationPlatforms) = postSolution
		{8E2B7857-A021-40CC-970F-D3947ED04ED5}.Debug|Any CPU.ActiveCfg = Debug|Any CPU
		{8E2B7857-A021-40CC-970F-D3947ED04ED5}.Debug|Any CPU.Build.0 = Debug|Any CPU
		{8E2B7857-A021-40CC-970F-D3947ED04ED5}.Release|Any CPU.ActiveCfg = Release|Any CPU
		{8E2B7857-A021-40CC-970F-D3947ED04ED5}.Release|Any CPU.Build.0 = Release|Any CPU
	EndGlobalSection
	GlobalSection(SolutionProperties) = preSolution
		HideSolutionNode = FALSE
	EndGlobalSection
	GlobalSection(ExtensibilityGlobals) = postSolution
		SolutionGuid = {922388BF-483F-4788-AC3C-798727ED9BCD}
	EndGlobalSection
EndGlobal
