
Microsoft Visual Studio Solution File, Format Version 12.00
# Visual Studio Version 17
VisualStudioVersion = 17.8.34309.116
MinimumVisualStudioVersion = 10.0.40219.1
Project("{FAE04EC0-301F-11D3-BF4B-00C04F79EFBC}") = "WelloWorld", "WelloWorld\WelloWorld.csproj", "{268F0FAC-2905-4D7B-9BB9-A90C977717B8}"
EndProject
Global
	GlobalSection(SolutionConfigurationPlatforms) = preSolution
		Debug|Any CPU = Debug|Any CPU
		Release|Any CPU = Release|Any CPU
	EndGlobalSection
	GlobalSection(ProjectConfigurationPlatforms) = postSolution
		{268F0FAC-2905-4D7B-9BB9-A90C977717B8}.Debug|Any CPU.ActiveCfg = Debug|Any CPU
		{268F0FAC-2905-4D7B-9BB9-A90C977717B8}.Debug|Any CPU.Build.0 = Debug|Any CPU
		{268F0FAC-2905-4D7B-9BB9-A90C977717B8}.Release|Any CPU.ActiveCfg = Release|Any CPU
		{268F0FAC-2905-4D7B-9BB9-A90C977717B8}.Release|Any CPU.Build.0 = Release|Any CPU
	EndGlobalSection
	GlobalSection(SolutionProperties) = preSolution
		HideSolutionNode = FALSE
	EndGlobalSection
	GlobalSection(ExtensibilityGlobals) = postSolution
		SolutionGuid = {98B1A1D9-E73B-4A86-BF32-BEAF1E986E14}
	EndGlobalSection
EndGlobal
